
Microsoft Visual Studio Solution File, Format Version 12.00
# Visual Studio Version 16
VisualStudioVersion = 16.0.29519.181
MinimumVisualStudioVersion = 10.0.40219.1
Project("{FAE04EC0-301F-11D3-BF4B-00C04F79EFBC}") = "CoinPathFinder", "CoinPathFinder.csproj", "{B07CC786-7CDF-498D-AD5D-1D8E65DD1400}"
EndProject
Project("{FAE04EC0-301F-11D3-BF4B-00C04F79EFBC}") = "CoinPathFinderTestApp", "..\CoinPathFinderTestApp\CoinPathFinderTestApp.csproj", "{15FCF2BE-8DCA-4B88-A47A-0296BCD300E4}"
EndProject
Global
	GlobalSection(SolutionConfigurationPlatforms) = preSolution
		Debug|Any CPU = Debug|Any CPU
		Release|Any CPU = Release|Any CPU
	EndGlobalSection
	GlobalSection(ProjectConfigurationPlatforms) = postSolution
		{B07CC786-7CDF-498D-AD5D-1D8E65DD1400}.Debug|Any CPU.ActiveCfg = Debug|Any CPU
		{B07CC786-7CDF-498D-AD5D-1D8E65DD1400}.Debug|Any CPU.Build.0 = Debug|Any CPU
		{B07CC786-7CDF-498D-AD5D-1D8E65DD1400}.Release|Any CPU.ActiveCfg = Release|Any CPU
		{B07CC786-7CDF-498D-AD5D-1D8E65DD1400}.Release|Any CPU.Build.0 = Release|Any CPU
		{15FCF2BE-8DCA-4B88-A47A-0296BCD300E4}.Debug|Any CPU.ActiveCfg = Debug|Any CPU
		{15FCF2BE-8DCA-4B88-A47A-0296BCD300E4}.Debug|Any CPU.Build.0 = Debug|Any CPU
		{15FCF2BE-8DCA-4B88-A47A-0296BCD300E4}.Release|Any CPU.ActiveCfg = Release|Any CPU
		{15FCF2BE-8DCA-4B88-A47A-0296BCD300E4}.Release|Any CPU.Build.0 = Release|Any CPU
	EndGlobalSection
	GlobalSection(SolutionProperties) = preSolution
		HideSolutionNode = FALSE
	EndGlobalSection
	GlobalSection(ExtensibilityGlobals) = postSolution
		SolutionGuid = {06E41416-78DA-4B7D-B046-AC481934692E}
	EndGlobalSection
EndGlobal
